
Microsoft Visual Studio Solution File, Format Version 12.00
Project("{FAE04EC0-301F-11D3-BF4B-00C04F79EFBC}") = "WolverineSample.AppHost", "WolverineSample.AppHost\WolverineSample.AppHost.csproj", "{7357478B-5622-48BA-BFDC-7D88C10F6D04}"
EndProject
Project("{FAE04EC0-301F-11D3-BF4B-00C04F79EFBC}") = "WolverineSample.ServiceDefaults", "WolverineSample.ServiceDefaults\WolverineSample.ServiceDefaults.csproj", "{B42EBDDB-5471-434D-99E6-308BDBFBA7C0}"
EndProject
Project("{FAE04EC0-301F-11D3-BF4B-00C04F79EFBC}") = "WolverineSample.API", "WolverineSample.API\WolverineSample.API.csproj", "{E68B0E02-97BC-433A-81CF-B93A90F831EB}"
EndProject
Project("{FAE04EC0-301F-11D3-BF4B-00C04F79EFBC}") = "WolverineSample.ModuleA", "WolverineSample.ModuleA\WolverineSample.ModuleA.csproj", "{63865A13-385B-4CA6-9A02-9C29D92C4421}"
EndProject
Project("{FAE04EC0-301F-11D3-BF4B-00C04F79EFBC}") = "WolverineSample.ModuleB", "WolverineSample.ModuleB\WolverineSample.ModuleB.csproj", "{B09948E3-FB99-42F6-9FAD-F72A1D2B3AEE}"
EndProject
Global
	GlobalSection(SolutionConfigurationPlatforms) = preSolution
		Debug|Any CPU = Debug|Any CPU
		Release|Any CPU = Release|Any CPU
	EndGlobalSection
	GlobalSection(ProjectConfigurationPlatforms) = postSolution
		{7357478B-5622-48BA-BFDC-7D88C10F6D04}.Debug|Any CPU.ActiveCfg = Debug|Any CPU
		{7357478B-5622-48BA-BFDC-7D88C10F6D04}.Debug|Any CPU.Build.0 = Debug|Any CPU
		{7357478B-5622-48BA-BFDC-7D88C10F6D04}.Release|Any CPU.ActiveCfg = Release|Any CPU
		{7357478B-5622-48BA-BFDC-7D88C10F6D04}.Release|Any CPU.Build.0 = Release|Any CPU
		{B42EBDDB-5471-434D-99E6-308BDBFBA7C0}.Debug|Any CPU.ActiveCfg = Debug|Any CPU
		{B42EBDDB-5471-434D-99E6-308BDBFBA7C0}.Debug|Any CPU.Build.0 = Debug|Any CPU
		{B42EBDDB-5471-434D-99E6-308BDBFBA7C0}.Release|Any CPU.ActiveCfg = Release|Any CPU
		{B42EBDDB-5471-434D-99E6-308BDBFBA7C0}.Release|Any CPU.Build.0 = Release|Any CPU
		{E68B0E02-97BC-433A-81CF-B93A90F831EB}.Debug|Any CPU.ActiveCfg = Debug|Any CPU
		{E68B0E02-97BC-433A-81CF-B93A90F831EB}.Debug|Any CPU.Build.0 = Debug|Any CPU
		{E68B0E02-97BC-433A-81CF-B93A90F831EB}.Release|Any CPU.ActiveCfg = Release|Any CPU
		{E68B0E02-97BC-433A-81CF-B93A90F831EB}.Release|Any CPU.Build.0 = Release|Any CPU
		{63865A13-385B-4CA6-9A02-9C29D92C4421}.Debug|Any CPU.ActiveCfg = Debug|Any CPU
		{63865A13-385B-4CA6-9A02-9C29D92C4421}.Debug|Any CPU.Build.0 = Debug|Any CPU
		{63865A13-385B-4CA6-9A02-9C29D92C4421}.Release|Any CPU.ActiveCfg = Release|Any CPU
		{63865A13-385B-4CA6-9A02-9C29D92C4421}.Release|Any CPU.Build.0 = Release|Any CPU
		{B09948E3-FB99-42F6-9FAD-F72A1D2B3AEE}.Debug|Any CPU.ActiveCfg = Debug|Any CPU
		{B09948E3-FB99-42F6-9FAD-F72A1D2B3AEE}.Debug|Any CPU.Build.0 = Debug|Any CPU
		{B09948E3-FB99-42F6-9FAD-F72A1D2B3AEE}.Release|Any CPU.ActiveCfg = Release|Any CPU
		{B09948E3-FB99-42F6-9FAD-F72A1D2B3AEE}.Release|Any CPU.Build.0 = Release|Any CPU
	EndGlobalSection
EndGlobal
